
Microsoft Visual Studio Solution File, Format Version 12.00
# Visual Studio Version 17
VisualStudioVersion = 17.5.002.0
MinimumVisualStudioVersion = 10.0.40219.1
Project("{9A19103F-16F7-4668-BE54-9A1E7A4F7556}") = "GameStore.MinimalApi.Client", "GameStore.MinimalApi.Client.csproj", "{23B5887D-3FFD-45A1-A9C0-14761230E8D1}"
EndProject
Global
	GlobalSection(SolutionConfigurationPlatforms) = preSolution
		Debug|Any CPU = Debug|Any CPU
		Release|Any CPU = Release|Any CPU
	EndGlobalSection
	GlobalSection(ProjectConfigurationPlatforms) = postSolution
		{23B5887D-3FFD-45A1-A9C0-14761230E8D1}.Debug|Any CPU.ActiveCfg = Debug|Any CPU
		{23B5887D-3FFD-45A1-A9C0-14761230E8D1}.Debug|Any CPU.Build.0 = Debug|Any CPU
		{23B5887D-3FFD-45A1-A9C0-14761230E8D1}.Release|Any CPU.ActiveCfg = Release|Any CPU
		{23B5887D-3FFD-45A1-A9C0-14761230E8D1}.Release|Any CPU.Build.0 = Release|Any CPU
	EndGlobalSection
	GlobalSection(SolutionProperties) = preSolution
		HideSolutionNode = FALSE
	EndGlobalSection
	GlobalSection(ExtensibilityGlobals) = postSolution
		SolutionGuid = {695E61F1-E450-479D-98E0-CDC3986C9EC5}
	EndGlobalSection
EndGlobal
